
Microsoft Visual Studio Solution File, Format Version 12.00
# Visual Studio 15
VisualStudioVersion = 15.0.27130.2027
MinimumVisualStudioVersion = 10.0.40219.1
Project("{FAE04EC0-301F-11D3-BF4B-00C04F79EFBC}") = "Gigya.ServiceContract", "Gigya.ServiceContract.csproj", "{DB6D3561-835E-40D5-B9D4-83951CF426DF}"
EndProject
Project("{2150E333-8FDC-42A3-9474-1A3956D46DE8}") = ".paket", ".paket", "{E38B2044-FCF9-4FA7-A9AD-D3B4FDAA91CF}"
	ProjectSection(SolutionItems) = preProject
		paket.dependencies = paket.dependencies
		paket.lock = paket.lock
	EndProjectSection
EndProject
Project("{FAE04EC0-301F-11D3-BF4B-00C04F79EFBC}") = "Gigya.Microdot.ServiceContract.UnitTests", "..\tests\Gigya.Microdot.ServiceContract.UnitTests\Gigya.Microdot.ServiceContract.UnitTests.csproj", "{C224F79A-EAB5-48B8-B587-65772B0966EF}"
EndProject
Project("{2150E333-8FDC-42A3-9474-1A3956D46DE8}") = "Tests", "Tests", "{6D04C065-F8ED-408D-BE23-722DA84AD2F5}"
EndProject
Global
	GlobalSection(SolutionConfigurationPlatforms) = preSolution
		Debug|Any CPU = Debug|Any CPU
		Release|Any CPU = Release|Any CPU
	EndGlobalSection
	GlobalSection(ProjectConfigurationPlatforms) = postSolution
		{DB6D3561-835E-40D5-B9D4-83951CF426DF}.Debug|Any CPU.ActiveCfg = Debug|Any CPU
		{DB6D3561-835E-40D5-B9D4-83951CF426DF}.Debug|Any CPU.Build.0 = Debug|Any CPU
		{DB6D3561-835E-40D5-B9D4-83951CF426DF}.Release|Any CPU.ActiveCfg = Release|Any CPU
		{DB6D3561-835E-40D5-B9D4-83951CF426DF}.Release|Any CPU.Build.0 = Release|Any CPU
		{C224F79A-EAB5-48B8-B587-65772B0966EF}.Debug|Any CPU.ActiveCfg = Debug|Any CPU
		{C224F79A-EAB5-48B8-B587-65772B0966EF}.Debug|Any CPU.Build.0 = Debug|Any CPU
		{C224F79A-EAB5-48B8-B587-65772B0966EF}.Release|Any CPU.ActiveCfg = Release|Any CPU
		{C224F79A-EAB5-48B8-B587-65772B0966EF}.Release|Any CPU.Build.0 = Release|Any CPU
	EndGlobalSection
	GlobalSection(SolutionProperties) = preSolution
		HideSolutionNode = FALSE
	EndGlobalSection
	GlobalSection(NestedProjects) = preSolution
		{C224F79A-EAB5-48B8-B587-65772B0966EF} = {6D04C065-F8ED-408D-BE23-722DA84AD2F5}
	EndGlobalSection
	GlobalSection(ExtensibilityGlobals) = postSolution
		SolutionGuid = {7F592F51-0A62-4EA9-8FA8-4544B4888416}
	EndGlobalSection
EndGlobal
