{
  "version": 1,
  "dependencies": {
    ".NETCoreApp,Version=v5.0": {
      "Newtonsoft.Json": {
        "type": "Direct",
        "requested": "[13.*, )",
        "resolved": "13.0.1",
        "contentHash": "ppPFpBcvxdsfUonNcvITKqLl3bqxWbDCZIzDWHzjpdAHRFfZe0Dw9HmA0+za13IdyrgJwpkDTDA9fHaxOrt20A=="
      },
      "gigya.microdot.languageextensions": {
        "type": "Project"
      }
    },
    ".NETCoreApp,Version=v5.0/linux-x64": {},
    ".NETCoreApp,Version=v5.0/win10-x64": {}
  }
}