{
  "version": 1,
  "dependencies": {
    ".NETStandard,Version=v2.0": {
      "Gigya.ServiceContract": {
        "type": "Direct",
        "requested": "[*, )",
        "resolved": "4.0.1",
        "contentHash": "kDRsW0LU2HdtZCCJeqjnCyBq8pGzp7ckNHxa706Y3SSWN3gzosDUaFHjIDzZd5taC9757/v0wsLTnfQMpxRb1A==",
        "dependencies": {
          "Newtonsoft.Json": "12.0.3"
        }
      },
      "NETStandard.Library": {
        "type": "Direct",
        "requested": "[2.0.3, )",
        "resolved": "2.0.3",
        "contentHash": "548M6mnBSJWxsIlkQHfbzoYxpiYFXZZSL00p4GHYv8PkiqFBnnT68mW5mGEsA/ch9fDO9GkPgkFQpWiXZN7mAQ==",
        "dependencies": {
          "Microsoft.NETCore.Platforms": "1.1.0"
        }
      },
      "Microsoft.NETCore.Platforms": {
        "type": "Transitive",
        "resolved": "1.1.0",
        "contentHash": "kz0PEW2lhqygehI/d6XsPCQzD7ff7gUJaVGPVETX611eadGsA3A877GdSlU0LRVMCTH/+P3o2iDTak+S08V2+A=="
      },
      "Newtonsoft.Json": {
        "type": "Transitive",
        "resolved": "12.0.3",
        "contentHash": "6mgjfnRB4jKMlzHSl+VD+oUc1IebOZabkbyWj2RiTgWwYPPuaK1H97G1sHqGwPlS5npiF5Q0OrxN1wni2n5QWg=="
      }
    },
    ".NETStandard,Version=v2.0/win10-x64": {},
    ".NETCoreApp,Version=v5.0": {
      "Gigya.ServiceContract": {
        "type": "Direct",
        "requested": "[*, )",
        "resolved": "4.0.1",
        "contentHash": "kDRsW0LU2HdtZCCJeqjnCyBq8pGzp7ckNHxa706Y3SSWN3gzosDUaFHjIDzZd5taC9757/v0wsLTnfQMpxRb1A==",
        "dependencies": {
          "Newtonsoft.Json": "12.0.3"
        }
      },
      "Newtonsoft.Json": {
        "type": "Transitive",
        "resolved": "12.0.3",
        "contentHash": "6mgjfnRB4jKMlzHSl+VD+oUc1IebOZabkbyWj2RiTgWwYPPuaK1H97G1sHqGwPlS5npiF5Q0OrxN1wni2n5QWg=="
      }
    },
    ".NETCoreApp,Version=v5.0/win10-x64": {}
  }
}