{
  "version": 1,
  "dependencies": {
    ".NETCoreApp,Version=v5.0": {
      "Gigya.ServiceContract": {
        "type": "Direct",
        "requested": "[4.0.1, )",
        "resolved": "4.0.1",
        "contentHash": "fewPiJVDJF2CNhaDWp/ZmbFbY9lVFFRaA7p++zkk1rIhGa3lFw6WJX2S4lEBngp1sUgu2zMJP9BNoVjGpZTYFQ==",
        "dependencies": {
          "Newtonsoft.Json": "13.0.1"
        }
      },
      "Newtonsoft.Json": {
        "type": "Transitive",
        "resolved": "13.0.1",
        "contentHash": "ppPFpBcvxdsfUonNcvITKqLl3bqxWbDCZIzDWHzjpdAHRFfZe0Dw9HmA0+za13IdyrgJwpkDTDA9fHaxOrt20A=="
      }
    },
    ".NETCoreApp,Version=v5.0/linux-x64": {},
    ".NETCoreApp,Version=v5.0/win10-x64": {}
  }
}